// !$*UTF8*$!
{
	archiveVersion = 1;
	classes = {
	};
	objectVersion = 56;
	objects = {

/* Begin PBXBuildFile section */
		612FC9452A0971E600E5F64D /* AppDelegate.swift in Sources */ = {isa = PBXBuildFile; fileRef = 612FC9442A0971E600E5F64D /* AppDelegate.swift */; };
		612FC9472A0971E600E5F64D /* SceneDelegate.swift in Sources */ = {isa = PBXBuildFile; fileRef = 612FC9462A0971E600E5F64D /* SceneDelegate.swift */; };
		612FC9492A0971E600E5F64D /* ViewController.swift in Sources */ = {isa = PBXBuildFile; fileRef = 612FC9482A0971E600E5F64D /* ViewController.swift */; };
		612FC94C2A0971E600E5F64D /* Main.storyboard in Resources */ = {isa = PBXBuildFile; fileRef = 612FC94A2A0971E600E5F64D /* Main.storyboard */; };
		612FC94F2A0971E600E5F64D /* BizDemo.xcdatamodeld in Sources */ = {isa = PBXBuildFile; fileRef = 612FC94D2A0971E600E5F64D /* BizDemo.xcdatamodeld */; };
		612FC9512A0971E800E5F64D /* Assets.xcassets in Resources */ = {isa = PBXBuildFile; fileRef = 612FC9502A0971E800E5F64D /* Assets.xcassets */; };
		612FC9542A0971E800E5F64D /* LaunchScreen.storyboard in Resources */ = {isa = PBXBuildFile; fileRef = 612FC9522A0971E800E5F64D /* LaunchScreen.storyboard */; };
		612FC95F2A0971E800E5F64D /* BizDemoTests.swift in Sources */ = {isa = PBXBuildFile; fileRef = 612FC95E2A0971E800E5F64D /* BizDemoTests.swift */; };
		612FC9692A0971E800E5F64D /* BizDemoUITests.swift in Sources */ = {isa = PBXBuildFile; fileRef = 612FC9682A0971E800E5F64D /* BizDemoUITests.swift */; };
		612FC96B2A0971E800E5F64D /* BizDemoUITestsLaunchTests.swift in Sources */ = {isa = PBXBuildFile; fileRef = 612FC96A2A0971E800E5F64D /* BizDemoUITestsLaunchTests.swift */; };
		61D839F82A0A66F500107A53 /* Company.swift in Sources */ = {isa = PBXBuildFile; fileRef = 61D839F72A0A66F500107A53 /* Company.swift */; };
		61D839FA2A0A676600107A53 /* Product.swift in Sources */ = {isa = PBXBuildFile; fileRef = 61D839F92A0A676600107A53 /* Product.swift */; };
		61D839FC2A0A67B100107A53 /* Currency.swift in Sources */ = {isa = PBXBuildFile; fileRef = 61D839FB2A0A67B100107A53 /* Currency.swift */; };
		61D839FE2A0A688900107A53 /* Country.swift in Sources */ = {isa = PBXBuildFile; fileRef = 61D839FD2A0A688900107A53 /* Country.swift */; };
		61D83A182A0A71F900107A53 /* CompanyFormView.swift in Sources */ = {isa = PBXBuildFile; fileRef = 61D83A172A0A71F900107A53 /* CompanyFormView.swift */; };
		61D83A1A2A0A780300107A53 /* CompanyFormViewController.swift in Sources */ = {isa = PBXBuildFile; fileRef = 61D83A192A0A780300107A53 /* CompanyFormViewController.swift */; };
		61D83A222A0A7AA900107A53 /* SignInViewController.swift in Sources */ = {isa = PBXBuildFile; fileRef = 61D83A212A0A7AA900107A53 /* SignInViewController.swift */; };
		61D83A252A0A7AC400107A53 /* SignInFormView.swift in Sources */ = {isa = PBXBuildFile; fileRef = 61D83A242A0A7AC400107A53 /* SignInFormView.swift */; };
		61D83A282A0A7BF900107A53 /* UIViewController+SwiftUI.swift in Sources */ = {isa = PBXBuildFile; fileRef = 61D83A272A0A7BF900107A53 /* UIViewController+SwiftUI.swift */; };
		61D83A2A2A0A7DFA00107A53 /* Language.swift in Sources */ = {isa = PBXBuildFile; fileRef = 61D83A292A0A7DFA00107A53 /* Language.swift */; };
		61D83A352A0A8C6F00107A53 /* FirebaseDatabase in Frameworks */ = {isa = PBXBuildFile; productRef = 61D83A342A0A8C6F00107A53 /* FirebaseDatabase */; };
		61D83A372A0A8C6F00107A53 /* FirebaseDatabaseSwift in Frameworks */ = {isa = PBXBuildFile; productRef = 61D83A362A0A8C6F00107A53 /* FirebaseDatabaseSwift */; };
		61D83A392A0A8C6F00107A53 /* FirebaseFirestore in Frameworks */ = {isa = PBXBuildFile; productRef = 61D83A382A0A8C6F00107A53 /* FirebaseFirestore */; };
		61D83A3B2A0A8C6F00107A53 /* FirebaseStorage in Frameworks */ = {isa = PBXBuildFile; productRef = 61D83A3A2A0A8C6F00107A53 /* FirebaseStorage */; };
		61D83A3D2A0A8C6F00107A53 /* FirebaseStorageCombine-Community in Frameworks */ = {isa = PBXBuildFile; productRef = 61D83A3C2A0A8C6F00107A53 /* FirebaseStorageCombine-Community */; };
		61D83A3F2A0A8C8500107A53 /* FirebaseAPI.swift in Sources */ = {isa = PBXBuildFile; fileRef = 61D83A3E2A0A8C8500107A53 /* FirebaseAPI.swift */; };
		61D83A412A0A8F2900107A53 /* GoogleService-Info.plist in Resources */ = {isa = PBXBuildFile; fileRef = 61D83A402A0A8F2900107A53 /* GoogleService-Info.plist */; };
		61D83A432A0AA16300107A53 /* BaseAlertViewController.swift in Sources */ = {isa = PBXBuildFile; fileRef = 61D83A422A0AA16300107A53 /* BaseAlertViewController.swift */; };
		61D83A452A0AA3EC00107A53 /* CompanyFormViewModel.swift in Sources */ = {isa = PBXBuildFile; fileRef = 61D83A442A0AA3EC00107A53 /* CompanyFormViewModel.swift */; };
		61D83A472A0AA73B00107A53 /* SignInViewModel.swift in Sources */ = {isa = PBXBuildFile; fileRef = 61D83A462A0AA73B00107A53 /* SignInViewModel.swift */; };
		61D83A492A0AAB8500107A53 /* BaseError.swift in Sources */ = {isa = PBXBuildFile; fileRef = 61D83A482A0AAB8500107A53 /* BaseError.swift */; };
		61D83A4F2A0AAC1B00107A53 /* ProductsContract.swift in Sources */ = {isa = PBXBuildFile; fileRef = 61D83A4A2A0AAC1B00107A53 /* ProductsContract.swift */; };
		61D83A502A0AAC1B00107A53 /* ProductsPresenter.swift in Sources */ = {isa = PBXBuildFile; fileRef = 61D83A4B2A0AAC1B00107A53 /* ProductsPresenter.swift */; };
		61D83A512A0AAC1B00107A53 /* ProductsRouter.swift in Sources */ = {isa = PBXBuildFile; fileRef = 61D83A4C2A0AAC1B00107A53 /* ProductsRouter.swift */; };
		61D83A522A0AAC1B00107A53 /* ProductsViewController.swift in Sources */ = {isa = PBXBuildFile; fileRef = 61D83A4D2A0AAC1B00107A53 /* ProductsViewController.swift */; };
		61D83A532A0AAC1B00107A53 /* ProductsInteractor.swift in Sources */ = {isa = PBXBuildFile; fileRef = 61D83A4E2A0AAC1B00107A53 /* ProductsInteractor.swift */; };
		61D83A572A0BF26600107A53 /* ProductsListView.swift in Sources */ = {isa = PBXBuildFile; fileRef = 61D83A562A0BF26600107A53 /* ProductsListView.swift */; };
		61D83A592A0BF57000107A53 /* ProductsTableView.swift in Sources */ = {isa = PBXBuildFile; fileRef = 61D83A582A0BF57000107A53 /* ProductsTableView.swift */; };
/* End PBXBuildFile section */

/* Begin PBXContainerItemProxy section */
		612FC95B2A0971E800E5F64D /* PBXContainerItemProxy */ = {
			isa = PBXContainerItemProxy;
			containerPortal = 612FC9392A0971E500E5F64D /* Project object */;
			proxyType = 1;
			remoteGlobalIDString = 612FC9402A0971E600E5F64D;
			remoteInfo = BizDemo;
		};
		612FC9652A0971E800E5F64D /* PBXContainerItemProxy */ = {
			isa = PBXContainerItemProxy;
			containerPortal = 612FC9392A0971E500E5F64D /* Project object */;
			proxyType = 1;
			remoteGlobalIDString = 612FC9402A0971E600E5F64D;
			remoteInfo = BizDemo;
		};
/* End PBXContainerItemProxy section */

/* Begin PBXFileReference section */
		612FC9412A0971E600E5F64D /* BizDemo.app */ = {isa = PBXFileReference; explicitFileType = wrapper.application; includeInIndex = 0; path = BizDemo.app; sourceTree = BUILT_PRODUCTS_DIR; };
		612FC9442A0971E600E5F64D /* AppDelegate.swift */ = {isa = PBXFileReference; lastKnownFileType = sourcecode.swift; path = AppDelegate.swift; sourceTree = "<group>"; };
		612FC9462A0971E600E5F64D /* SceneDelegate.swift */ = {isa = PBXFileReference; lastKnownFileType = sourcecode.swift; path = SceneDelegate.swift; sourceTree = "<group>"; };
		612FC9482A0971E600E5F64D /* ViewController.swift */ = {isa = PBXFileReference; lastKnownFileType = sourcecode.swift; path = ViewController.swift; sourceTree = "<group>"; };
		612FC94B2A0971E600E5F64D /* Base */ = {isa = PBXFileReference; lastKnownFileType = file.storyboard; name = Base; path = Base.lproj/Main.storyboard; sourceTree = "<group>"; };
		612FC94E2A0971E600E5F64D /* BizDemo.xcdatamodel */ = {isa = PBXFileReference; lastKnownFileType = wrapper.xcdatamodel; path = BizDemo.xcdatamodel; sourceTree = "<group>"; };
		612FC9502A0971E800E5F64D /* Assets.xcassets */ = {isa = PBXFileReference; lastKnownFileType = folder.assetcatalog; path = Assets.xcassets; sourceTree = "<group>"; };
		612FC9532A0971E800E5F64D /* Base */ = {isa = PBXFileReference; lastKnownFileType = file.storyboard; name = Base; path = Base.lproj/LaunchScreen.storyboard; sourceTree = "<group>"; };
		612FC9552A0971E800E5F64D /* Info.plist */ = {isa = PBXFileReference; lastKnownFileType = text.plist.xml; path = Info.plist; sourceTree = "<group>"; };
		612FC95A2A0971E800E5F64D /* BizDemoTests.xctest */ = {isa = PBXFileReference; explicitFileType = wrapper.cfbundle; includeInIndex = 0; path = BizDemoTests.xctest; sourceTree = BUILT_PRODUCTS_DIR; };
		612FC95E2A0971E800E5F64D /* BizDemoTests.swift */ = {isa = PBXFileReference; lastKnownFileType = sourcecode.swift; path = BizDemoTests.swift; sourceTree = "<group>"; };
		612FC9642A0971E800E5F64D /* BizDemoUITests.xctest */ = {isa = PBXFileReference; explicitFileType = wrapper.cfbundle; includeInIndex = 0; path = BizDemoUITests.xctest; sourceTree = BUILT_PRODUCTS_DIR; };
		612FC9682A0971E800E5F64D /* BizDemoUITests.swift */ = {isa = PBXFileReference; lastKnownFileType = sourcecode.swift; path = BizDemoUITests.swift; sourceTree = "<group>"; };
		612FC96A2A0971E800E5F64D /* BizDemoUITestsLaunchTests.swift */ = {isa = PBXFileReference; lastKnownFileType = sourcecode.swift; path = BizDemoUITestsLaunchTests.swift; sourceTree = "<group>"; };
		61D839F72A0A66F500107A53 /* Company.swift */ = {isa = PBXFileReference; lastKnownFileType = sourcecode.swift; path = Company.swift; sourceTree = "<group>"; };
		61D839F92A0A676600107A53 /* Product.swift */ = {isa = PBXFileReference; lastKnownFileType = sourcecode.swift; path = Product.swift; sourceTree = "<group>"; };
		61D839FB2A0A67B100107A53 /* Currency.swift */ = {isa = PBXFileReference; lastKnownFileType = sourcecode.swift; path = Currency.swift; sourceTree = "<group>"; };
		61D839FD2A0A688900107A53 /* Country.swift */ = {isa = PBXFileReference; lastKnownFileType = sourcecode.swift; path = Country.swift; sourceTree = "<group>"; };
		61D83A172A0A71F900107A53 /* CompanyFormView.swift */ = {isa = PBXFileReference; lastKnownFileType = sourcecode.swift; path = CompanyFormView.swift; sourceTree = "<group>"; };
		61D83A192A0A780300107A53 /* CompanyFormViewController.swift */ = {isa = PBXFileReference; lastKnownFileType = sourcecode.swift; path = CompanyFormViewController.swift; sourceTree = "<group>"; };
		61D83A212A0A7AA900107A53 /* SignInViewController.swift */ = {isa = PBXFileReference; lastKnownFileType = sourcecode.swift; path = SignInViewController.swift; sourceTree = "<group>"; };
		61D83A242A0A7AC400107A53 /* SignInFormView.swift */ = {isa = PBXFileReference; lastKnownFileType = sourcecode.swift; path = SignInFormView.swift; sourceTree = "<group>"; };
		61D83A272A0A7BF900107A53 /* UIViewController+SwiftUI.swift */ = {isa = PBXFileReference; lastKnownFileType = sourcecode.swift; path = "UIViewController+SwiftUI.swift"; sourceTree = "<group>"; };
		61D83A292A0A7DFA00107A53 /* Language.swift */ = {isa = PBXFileReference; lastKnownFileType = sourcecode.swift; path = Language.swift; sourceTree = "<group>"; };
		61D83A3E2A0A8C8500107A53 /* FirebaseAPI.swift */ = {isa = PBXFileReference; lastKnownFileType = sourcecode.swift; path = FirebaseAPI.swift; sourceTree = "<group>"; };
		61D83A402A0A8F2900107A53 /* GoogleService-Info.plist */ = {isa = PBXFileReference; fileEncoding = 4; lastKnownFileType = text.plist.xml; path = "GoogleService-Info.plist"; sourceTree = "<group>"; };
		61D83A422A0AA16300107A53 /* BaseAlertViewController.swift */ = {isa = PBXFileReference; lastKnownFileType = sourcecode.swift; path = BaseAlertViewController.swift; sourceTree = "<group>"; };
		61D83A442A0AA3EC00107A53 /* CompanyFormViewModel.swift */ = {isa = PBXFileReference; lastKnownFileType = sourcecode.swift; path = CompanyFormViewModel.swift; sourceTree = "<group>"; };
		61D83A462A0AA73B00107A53 /* SignInViewModel.swift */ = {isa = PBXFileReference; lastKnownFileType = sourcecode.swift; path = SignInViewModel.swift; sourceTree = "<group>"; };
		61D83A482A0AAB8500107A53 /* BaseError.swift */ = {isa = PBXFileReference; lastKnownFileType = sourcecode.swift; path = BaseError.swift; sourceTree = "<group>"; };
		61D83A4A2A0AAC1B00107A53 /* ProductsContract.swift */ = {isa = PBXFileReference; lastKnownFileType = sourcecode.swift; path = ProductsContract.swift; sourceTree = "<group>"; };
		61D83A4B2A0AAC1B00107A53 /* ProductsPresenter.swift */ = {isa = PBXFileReference; lastKnownFileType = sourcecode.swift; path = ProductsPresenter.swift; sourceTree = "<group>"; };
		61D83A4C2A0AAC1B00107A53 /* ProductsRouter.swift */ = {isa = PBXFileReference; lastKnownFileType = sourcecode.swift; path = ProductsRouter.swift; sourceTree = "<group>"; };
		61D83A4D2A0AAC1B00107A53 /* ProductsViewController.swift */ = {isa = PBXFileReference; lastKnownFileType = sourcecode.swift; path = ProductsViewController.swift; sourceTree = "<group>"; };
		61D83A4E2A0AAC1B00107A53 /* ProductsInteractor.swift */ = {isa = PBXFileReference; lastKnownFileType = sourcecode.swift; path = ProductsInteractor.swift; sourceTree = "<group>"; };
		61D83A562A0BF26600107A53 /* ProductsListView.swift */ = {isa = PBXFileReference; lastKnownFileType = sourcecode.swift; path = ProductsListView.swift; sourceTree = "<group>"; };
		61D83A582A0BF57000107A53 /* ProductsTableView.swift */ = {isa = PBXFileReference; lastKnownFileType = sourcecode.swift; path = ProductsTableView.swift; sourceTree = "<group>"; };
/* End PBXFileReference section */

/* Begin PBXFrameworksBuildPhase section */
		612FC93E2A0971E600E5F64D /* Frameworks */ = {
			isa = PBXFrameworksBuildPhase;
			buildActionMask = 2147483647;
			files = (
				61D83A372A0A8C6F00107A53 /* FirebaseDatabaseSwift in Frameworks */,
				61D83A3B2A0A8C6F00107A53 /* FirebaseStorage in Frameworks */,
				61D83A3D2A0A8C6F00107A53 /* FirebaseStorageCombine-Community in Frameworks */,
				61D83A352A0A8C6F00107A53 /* FirebaseDatabase in Frameworks */,
				61D83A392A0A8C6F00107A53 /* FirebaseFirestore in Frameworks */,
			);
			runOnlyForDeploymentPostprocessing = 0;
		};
		612FC9572A0971E800E5F64D /* Frameworks */ = {
			isa = PBXFrameworksBuildPhase;
			buildActionMask = 2147483647;
			files = (
			);
			runOnlyForDeploymentPostprocessing = 0;
		};
		612FC9612A0971E800E5F64D /* Frameworks */ = {
			isa = PBXFrameworksBuildPhase;
			buildActionMask = 2147483647;
			files = (
			);
			runOnlyForDeploymentPostprocessing = 0;
		};
/* End PBXFrameworksBuildPhase section */

/* Begin PBXGroup section */
		612FC9382A0971E500E5F64D = {
			isa = PBXGroup;
			children = (
				612FC9432A0971E600E5F64D /* BizDemo */,
				612FC95D2A0971E800E5F64D /* BizDemoTests */,
				612FC9672A0971E800E5F64D /* BizDemoUITests */,
				612FC9422A0971E600E5F64D /* Products */,
			);
			sourceTree = "<group>";
		};
		612FC9422A0971E600E5F64D /* Products */ = {
			isa = PBXGroup;
			children = (
				612FC9412A0971E600E5F64D /* BizDemo.app */,
				612FC95A2A0971E800E5F64D /* BizDemoTests.xctest */,
				612FC9642A0971E800E5F64D /* BizDemoUITests.xctest */,
			);
			name = Products;
			sourceTree = "<group>";
		};
		612FC9432A0971E600E5F64D /* BizDemo */ = {
			isa = PBXGroup;
			children = (
				61D83A302A0A8B9200107A53 /* API */,
				61D83A2D2A0A81C400107A53 /* Components */,
				61D83A262A0A7BCE00107A53 /* Extensions */,
				61D839F42A0A650E00107A53 /* Features */,
				61D839F32A0A650800107A53 /* Models */,
				612FC9442A0971E600E5F64D /* AppDelegate.swift */,
				612FC9462A0971E600E5F64D /* SceneDelegate.swift */,
				612FC9482A0971E600E5F64D /* ViewController.swift */,
				612FC94A2A0971E600E5F64D /* Main.storyboard */,
				612FC9502A0971E800E5F64D /* Assets.xcassets */,
				612FC9522A0971E800E5F64D /* LaunchScreen.storyboard */,
				612FC9552A0971E800E5F64D /* Info.plist */,
				612FC94D2A0971E600E5F64D /* BizDemo.xcdatamodeld */,
				61D83A292A0A7DFA00107A53 /* Language.swift */,
				61D83A402A0A8F2900107A53 /* GoogleService-Info.plist */,
				61D83A482A0AAB8500107A53 /* BaseError.swift */,
			);
			path = BizDemo;
			sourceTree = "<group>";
		};
		612FC95D2A0971E800E5F64D /* BizDemoTests */ = {
			isa = PBXGroup;
			children = (
				612FC95E2A0971E800E5F64D /* BizDemoTests.swift */,
			);
			path = BizDemoTests;
			sourceTree = "<group>";
		};
		612FC9672A0971E800E5F64D /* BizDemoUITests */ = {
			isa = PBXGroup;
			children = (
				612FC9682A0971E800E5F64D /* BizDemoUITests.swift */,
				612FC96A2A0971E800E5F64D /* BizDemoUITestsLaunchTests.swift */,
			);
			path = BizDemoUITests;
			sourceTree = "<group>";
		};
		61D839F32A0A650800107A53 /* Models */ = {
			isa = PBXGroup;
			children = (
				61D839F72A0A66F500107A53 /* Company.swift */,
				61D839F92A0A676600107A53 /* Product.swift */,
				61D839FB2A0A67B100107A53 /* Currency.swift */,
				61D839FD2A0A688900107A53 /* Country.swift */,
			);
			path = Models;
			sourceTree = "<group>";
		};
		61D839F42A0A650E00107A53 /* Features */ = {
			isa = PBXGroup;
			children = (
				61D83A1E2A0A7A6F00107A53 /* Authentication */,
				61D839F62A0A652700107A53 /* Products */,
			);
			path = Features;
			sourceTree = "<group>";
		};
		61D839F52A0A651600107A53 /* CompanyForm */ = {
			isa = PBXGroup;
			children = (
				61D83A002A0A6C9B00107A53 /* Views */,
				61D83A192A0A780300107A53 /* CompanyFormViewController.swift */,
				61D83A442A0AA3EC00107A53 /* CompanyFormViewModel.swift */,
			);
			path = CompanyForm;
			sourceTree = "<group>";
		};
		61D839F62A0A652700107A53 /* Products */ = {
			isa = PBXGroup;
			children = (
				61D839FF2A0A6C9600107A53 /* Views */,
				61D83A4A2A0AAC1B00107A53 /* ProductsContract.swift */,
				61D83A4B2A0AAC1B00107A53 /* ProductsPresenter.swift */,
				61D83A4C2A0AAC1B00107A53 /* ProductsRouter.swift */,
				61D83A4D2A0AAC1B00107A53 /* ProductsViewController.swift */,
				61D83A4E2A0AAC1B00107A53 /* ProductsInteractor.swift */,
			);
			path = Products;
			sourceTree = "<group>";
		};
		61D839FF2A0A6C9600107A53 /* Views */ = {
			isa = PBXGroup;
			children = (
				61D83A562A0BF26600107A53 /* ProductsListView.swift */,
				61D83A582A0BF57000107A53 /* ProductsTableView.swift */,
			);
			path = Views;
			sourceTree = "<group>";
		};
		61D83A002A0A6C9B00107A53 /* Views */ = {
			isa = PBXGroup;
			children = (
				61D83A172A0A71F900107A53 /* CompanyFormView.swift */,
			);
			path = Views;
			sourceTree = "<group>";
		};
		61D83A1E2A0A7A6F00107A53 /* Authentication */ = {
			isa = PBXGroup;
			children = (
				61D839F52A0A651600107A53 /* CompanyForm */,
				61D83A1F2A0A7A7600107A53 /* Login */,
			);
			path = Authentication;
			sourceTree = "<group>";
		};
		61D83A1F2A0A7A7600107A53 /* Login */ = {
			isa = PBXGroup;
			children = (
				61D83A232A0A7AB500107A53 /* Views */,
				61D83A212A0A7AA900107A53 /* SignInViewController.swift */,
				61D83A462A0AA73B00107A53 /* SignInViewModel.swift */,
			);
			path = Login;
			sourceTree = "<group>";
		};
		61D83A232A0A7AB500107A53 /* Views */ = {
			isa = PBXGroup;
			children = (
				61D83A242A0A7AC400107A53 /* SignInFormView.swift */,
			);
			path = Views;
			sourceTree = "<group>";
		};
		61D83A262A0A7BCE00107A53 /* Extensions */ = {
			isa = PBXGroup;
			children = (
				61D83A272A0A7BF900107A53 /* UIViewController+SwiftUI.swift */,
			);
			path = Extensions;
			sourceTree = "<group>";
		};
		61D83A2D2A0A81C400107A53 /* Components */ = {
			isa = PBXGroup;
			children = (
				61D83A422A0AA16300107A53 /* BaseAlertViewController.swift */,
			);
			path = Components;
			sourceTree = "<group>";
		};
		61D83A302A0A8B9200107A53 /* API */ = {
			isa = PBXGroup;
			children = (
				61D83A3E2A0A8C8500107A53 /* FirebaseAPI.swift */,
			);
			path = API;
			sourceTree = "<group>";
		};
/* End PBXGroup section */

/* Begin PBXNativeTarget section */
		612FC9402A0971E600E5F64D /* BizDemo */ = {
			isa = PBXNativeTarget;
			buildConfigurationList = 612FC96E2A0971E800E5F64D /* Build configuration list for PBXNativeTarget "BizDemo" */;
			buildPhases = (
				612FC93D2A0971E600E5F64D /* Sources */,
				612FC93E2A0971E600E5F64D /* Frameworks */,
				612FC93F2A0971E600E5F64D /* Resources */,
			);
			buildRules = (
			);
			dependencies = (
			);
			name = BizDemo;
			packageProductDependencies = (
				61D83A342A0A8C6F00107A53 /* FirebaseDatabase */,
				61D83A362A0A8C6F00107A53 /* FirebaseDatabaseSwift */,
				61D83A382A0A8C6F00107A53 /* FirebaseFirestore */,
				61D83A3A2A0A8C6F00107A53 /* FirebaseStorage */,
				61D83A3C2A0A8C6F00107A53 /* FirebaseStorageCombine-Community */,
			);
			productName = BizDemo;
			productReference = 612FC9412A0971E600E5F64D /* BizDemo.app */;
			productType = "com.apple.product-type.application";
		};
		612FC9592A0971E800E5F64D /* BizDemoTests */ = {
			isa = PBXNativeTarget;
			buildConfigurationList = 612FC9712A0971E800E5F64D /* Build configuration list for PBXNativeTarget "BizDemoTests" */;
			buildPhases = (
				612FC9562A0971E800E5F64D /* Sources */,
				612FC9572A0971E800E5F64D /* Frameworks */,
				612FC9582A0971E800E5F64D /* Resources */,
			);
			buildRules = (
			);
			dependencies = (
				612FC95C2A0971E800E5F64D /* PBXTargetDependency */,
			);
			name = BizDemoTests;
			productName = BizDemoTests;
			productReference = 612FC95A2A0971E800E5F64D /* BizDemoTests.xctest */;
			productType = "com.apple.product-type.bundle.unit-test";
		};
		612FC9632A0971E800E5F64D /* BizDemoUITests */ = {
			isa = PBXNativeTarget;
			buildConfigurationList = 612FC9742A0971E800E5F64D /* Build configuration list for PBXNativeTarget "BizDemoUITests" */;
			buildPhases = (
				612FC9602A0971E800E5F64D /* Sources */,
				612FC9612A0971E800E5F64D /* Frameworks */,
				612FC9622A0971E800E5F64D /* Resources */,
			);
			buildRules = (
			);
			dependencies = (
				612FC9662A0971E800E5F64D /* PBXTargetDependency */,
			);
			name = BizDemoUITests;
			productName = BizDemoUITests;
			productReference = 612FC9642A0971E800E5F64D /* BizDemoUITests.xctest */;
			productType = "com.apple.product-type.bundle.ui-testing";
		};
/* End PBXNativeTarget section */

/* Begin PBXProject section */
		612FC9392A0971E500E5F64D /* Project object */ = {
			isa = PBXProject;
			attributes = {
				BuildIndependentTargetsInParallel = 1;
				LastSwiftUpdateCheck = 1430;
				LastUpgradeCheck = 1430;
				TargetAttributes = {
					612FC9402A0971E600E5F64D = {
						CreatedOnToolsVersion = 14.3;
					};
					612FC9592A0971E800E5F64D = {
						CreatedOnToolsVersion = 14.3;
						TestTargetID = 612FC9402A0971E600E5F64D;
					};
					612FC9632A0971E800E5F64D = {
						CreatedOnToolsVersion = 14.3;
						TestTargetID = 612FC9402A0971E600E5F64D;
					};
				};
			};
			buildConfigurationList = 612FC93C2A0971E500E5F64D /* Build configuration list for PBXProject "BizDemo" */;
			compatibilityVersion = "Xcode 14.0";
			developmentRegion = en;
			hasScannedForEncodings = 0;
			knownRegions = (
				en,
				Base,
			);
			mainGroup = 612FC9382A0971E500E5F64D;
			packageReferences = (
				61D83A332A0A8C6F00107A53 /* XCRemoteSwiftPackageReference "firebase-ios-sdk" */,
			);
			productRefGroup = 612FC9422A0971E600E5F64D /* Products */;
			projectDirPath = "";
			projectRoot = "";
			targets = (
				612FC9402A0971E600E5F64D /* BizDemo */,
				612FC9592A0971E800E5F64D /* BizDemoTests */,
				612FC9632A0971E800E5F64D /* BizDemoUITests */,
			);
		};
/* End PBXProject section */

/* Begin PBXResourcesBuildPhase section */
		612FC93F2A0971E600E5F64D /* Resources */ = {
			isa = PBXResourcesBuildPhase;
			buildActionMask = 2147483647;
			files = (
				612FC9542A0971E800E5F64D /* LaunchScreen.storyboard in Resources */,
				612FC9512A0971E800E5F64D /* Assets.xcassets in Resources */,
				61D83A412A0A8F2900107A53 /* GoogleService-Info.plist in Resources */,
				612FC94C2A0971E600E5F64D /* Main.storyboard in Resources */,
			);
			runOnlyForDeploymentPostprocessing = 0;
		};
		612FC9582A0971E800E5F64D /* Resources */ = {
			isa = PBXResourcesBuildPhase;
			buildActionMask = 2147483647;
			files = (
			);
			runOnlyForDeploymentPostprocessing = 0;
		};
		612FC9622A0971E800E5F64D /* Resources */ = {
			isa = PBXResourcesBuildPhase;
			buildActionMask = 2147483647;
			files = (
			);
			runOnlyForDeploymentPostprocessing = 0;
		};
/* End PBXResourcesBuildPhase section */

/* Begin PBXSourcesBuildPhase section */
		612FC93D2A0971E600E5F64D /* Sources */ = {
			isa = PBXSourcesBuildPhase;
			buildActionMask = 2147483647;
			files = (
				612FC9492A0971E600E5F64D /* ViewController.swift in Sources */,
				61D83A522A0AAC1B00107A53 /* ProductsViewController.swift in Sources */,
				612FC9452A0971E600E5F64D /* AppDelegate.swift in Sources */,
				612FC94F2A0971E600E5F64D /* BizDemo.xcdatamodeld in Sources */,
				61D839F82A0A66F500107A53 /* Company.swift in Sources */,
				61D83A572A0BF26600107A53 /* ProductsListView.swift in Sources */,
				61D83A492A0AAB8500107A53 /* BaseError.swift in Sources */,
				61D83A1A2A0A780300107A53 /* CompanyFormViewController.swift in Sources */,
				61D83A452A0AA3EC00107A53 /* CompanyFormViewModel.swift in Sources */,
				61D83A4F2A0AAC1B00107A53 /* ProductsContract.swift in Sources */,
				61D83A592A0BF57000107A53 /* ProductsTableView.swift in Sources */,
				61D83A282A0A7BF900107A53 /* UIViewController+SwiftUI.swift in Sources */,
				61D83A502A0AAC1B00107A53 /* ProductsPresenter.swift in Sources */,
				61D83A2A2A0A7DFA00107A53 /* Language.swift in Sources */,
				61D839FE2A0A688900107A53 /* Country.swift in Sources */,
				612FC9472A0971E600E5F64D /* SceneDelegate.swift in Sources */,
				61D83A222A0A7AA900107A53 /* SignInViewController.swift in Sources */,
				61D83A432A0AA16300107A53 /* BaseAlertViewController.swift in Sources */,
				61D839FC2A0A67B100107A53 /* Currency.swift in Sources */,
				61D83A252A0A7AC400107A53 /* SignInFormView.swift in Sources */,
				61D83A532A0AAC1B00107A53 /* ProductsInteractor.swift in Sources */,
				61D83A472A0AA73B00107A53 /* SignInViewModel.swift in Sources */,
				61D83A512A0AAC1B00107A53 /* ProductsRouter.swift in Sources */,
				61D83A182A0A71F900107A53 /* CompanyFormView.swift in Sources */,
				61D83A3F2A0A8C8500107A53 /* FirebaseAPI.swift in Sources */,
				61D839FA2A0A676600107A53 /* Product.swift in Sources */,
			);
			runOnlyForDeploymentPostprocessing = 0;
		};
		612FC9562A0971E800E5F64D /* Sources */ = {
			isa = PBXSourcesBuildPhase;
			buildActionMask = 2147483647;
			files = (
				612FC95F2A0971E800E5F64D /* BizDemoTests.swift in Sources */,
			);
			runOnlyForDeploymentPostprocessing = 0;
		};
		612FC9602A0971E800E5F64D /* Sources */ = {
			isa = PBXSourcesBuildPhase;
			buildActionMask = 2147483647;
			files = (
				612FC9692A0971E800E5F64D /* BizDemoUITests.swift in Sources */,
				612FC96B2A0971E800E5F64D /* BizDemoUITestsLaunchTests.swift in Sources */,
			);
			runOnlyForDeploymentPostprocessing = 0;
		};
/* End PBXSourcesBuildPhase section */

/* Begin PBXTargetDependency section */
		612FC95C2A0971E800E5F64D /* PBXTargetDependency */ = {
			isa = PBXTargetDependency;
			target = 612FC9402A0971E600E5F64D /* BizDemo */;
			targetProxy = 612FC95B2A0971E800E5F64D /* PBXContainerItemProxy */;
		};
		612FC9662A0971E800E5F64D /* PBXTargetDependency */ = {
			isa = PBXTargetDependency;
			target = 612FC9402A0971E600E5F64D /* BizDemo */;
			targetProxy = 612FC9652A0971E800E5F64D /* PBXContainerItemProxy */;
		};
/* End PBXTargetDependency section */

/* Begin PBXVariantGroup section */
		612FC94A2A0971E600E5F64D /* Main.storyboard */ = {
			isa = PBXVariantGroup;
			children = (
				612FC94B2A0971E600E5F64D /* Base */,
			);
			name = Main.storyboard;
			sourceTree = "<group>";
		};
		612FC9522A0971E800E5F64D /* LaunchScreen.storyboard */ = {
			isa = PBXVariantGroup;
			children = (
				612FC9532A0971E800E5F64D /* Base */,
			);
			name = LaunchScreen.storyboard;
			sourceTree = "<group>";
		};
/* End PBXVariantGroup section */

/* Begin XCBuildConfiguration section */
		612FC96C2A0971E800E5F64D /* Debug */ = {
			isa = XCBuildConfiguration;
			buildSettings = {
				ALWAYS_SEARCH_USER_PATHS = NO;
				CLANG_ANALYZER_NONNULL = YES;
				CLANG_ANALYZER_NUMBER_OBJECT_CONVERSION = YES_AGGRESSIVE;
				CLANG_CXX_LANGUAGE_STANDARD = "gnu++20";
				CLANG_ENABLE_MODULES = YES;
				CLANG_ENABLE_OBJC_ARC = YES;
				CLANG_ENABLE_OBJC_WEAK = YES;
				CLANG_WARN_BLOCK_CAPTURE_AUTORELEASING = YES;
				CLANG_WARN_BOOL_CONVERSION = YES;
				CLANG_WARN_COMMA = YES;
				CLANG_WARN_CONSTANT_CONVERSION = YES;
				CLANG_WARN_DEPRECATED_OBJC_IMPLEMENTATIONS = YES;
				CLANG_WARN_DIRECT_OBJC_ISA_USAGE = YES_ERROR;
				CLANG_WARN_DOCUMENTATION_COMMENTS = YES;
				CLANG_WARN_EMPTY_BODY = YES;
				CLANG_WARN_ENUM_CONVERSION = YES;
				CLANG_WARN_INFINITE_RECURSION = YES;
				CLANG_WARN_INT_CONVERSION = YES;
				CLANG_WARN_NON_LITERAL_NULL_CONVERSION = YES;
				CLANG_WARN_OBJC_IMPLICIT_RETAIN_SELF = YES;
				CLANG_WARN_OBJC_LITERAL_CONVERSION = YES;
				CLANG_WARN_OBJC_ROOT_CLASS = YES_ERROR;
				CLANG_WARN_QUOTED_INCLUDE_IN_FRAMEWORK_HEADER = YES;
				CLANG_WARN_RANGE_LOOP_ANALYSIS = YES;
				CLANG_WARN_STRICT_PROTOTYPES = YES;
				CLANG_WARN_SUSPICIOUS_MOVE = YES;
				CLANG_WARN_UNGUARDED_AVAILABILITY = YES_AGGRESSIVE;
				CLANG_WARN_UNREACHABLE_CODE = YES;
				CLANG_WARN__DUPLICATE_METHOD_MATCH = YES;
				COPY_PHASE_STRIP = NO;
				DEBUG_INFORMATION_FORMAT = dwarf;
				ENABLE_STRICT_OBJC_MSGSEND = YES;
				ENABLE_TESTABILITY = YES;
				GCC_C_LANGUAGE_STANDARD = gnu11;
				GCC_DYNAMIC_NO_PIC = NO;
				GCC_NO_COMMON_BLOCKS = YES;
				GCC_OPTIMIZATION_LEVEL = 0;
				GCC_PREPROCESSOR_DEFINITIONS = (
					"DEBUG=1",
					"$(inherited)",
				);
				GCC_WARN_64_TO_32_BIT_CONVERSION = YES;
				GCC_WARN_ABOUT_RETURN_TYPE = YES_ERROR;
				GCC_WARN_UNDECLARED_SELECTOR = YES;
				GCC_WARN_UNINITIALIZED_AUTOS = YES_AGGRESSIVE;
				GCC_WARN_UNUSED_FUNCTION = YES;
				GCC_WARN_UNUSED_VARIABLE = YES;
				IPHONEOS_DEPLOYMENT_TARGET = 16.4;
				MTL_ENABLE_DEBUG_INFO = INCLUDE_SOURCE;
				MTL_FAST_MATH = YES;
				ONLY_ACTIVE_ARCH = YES;
				SDKROOT = iphoneos;
				SWIFT_ACTIVE_COMPILATION_CONDITIONS = DEBUG;
				SWIFT_OPTIMIZATION_LEVEL = "-Onone";
			};
			name = Debug;
		};
		612FC96D2A0971E800E5F64D /* Release */ = {
			isa = XCBuildConfiguration;
			buildSettings = {
				ALWAYS_SEARCH_USER_PATHS = NO;
				CLANG_ANALYZER_NONNULL = YES;
				CLANG_ANALYZER_NUMBER_OBJECT_CONVERSION = YES_AGGRESSIVE;
				CLANG_CXX_LANGUAGE_STANDARD = "gnu++20";
				CLANG_ENABLE_MODULES = YES;
				CLANG_ENABLE_OBJC_ARC = YES;
				CLANG_ENABLE_OBJC_WEAK = YES;
				CLANG_WARN_BLOCK_CAPTURE_AUTORELEASING = YES;
				CLANG_WARN_BOOL_CONVERSION = YES;
				CLANG_WARN_COMMA = YES;
				CLANG_WARN_CONSTANT_CONVERSION = YES;
				CLANG_WARN_DEPRECATED_OBJC_IMPLEMENTATIONS = YES;
				CLANG_WARN_DIRECT_OBJC_ISA_USAGE = YES_ERROR;
				CLANG_WARN_DOCUMENTATION_COMMENTS = YES;
				CLANG_WARN_EMPTY_BODY = YES;
				CLANG_WARN_ENUM_CONVERSION = YES;
				CLANG_WARN_INFINITE_RECURSION = YES;
				CLANG_WARN_INT_CONVERSION = YES;
				CLANG_WARN_NON_LITERAL_NULL_CONVERSION = YES;
				CLANG_WARN_OBJC_IMPLICIT_RETAIN_SELF = YES;
				CLANG_WARN_OBJC_LITERAL_CONVERSION = YES;
				CLANG_WARN_OBJC_ROOT_CLASS = YES_ERROR;
				CLANG_WARN_QUOTED_INCLUDE_IN_FRAMEWORK_HEADER = YES;
				CLANG_WARN_RANGE_LOOP_ANALYSIS = YES;
				CLANG_WARN_STRICT_PROTOTYPES = YES;
				CLANG_WARN_SUSPICIOUS_MOVE = YES;
				CLANG_WARN_UNGUARDED_AVAILABILITY = YES_AGGRESSIVE;
				CLANG_WARN_UNREACHABLE_CODE = YES;
				CLANG_WARN__DUPLICATE_METHOD_MATCH = YES;
				COPY_PHASE_STRIP = NO;
				DEBUG_INFORMATION_FORMAT = "dwarf-with-dsym";
				ENABLE_NS_ASSERTIONS = NO;
				ENABLE_STRICT_OBJC_MSGSEND = YES;
				GCC_C_LANGUAGE_STANDARD = gnu11;
				GCC_NO_COMMON_BLOCKS = YES;
				GCC_WARN_64_TO_32_BIT_CONVERSION = YES;
				GCC_WARN_ABOUT_RETURN_TYPE = YES_ERROR;
				GCC_WARN_UNDECLARED_SELECTOR = YES;
				GCC_WARN_UNINITIALIZED_AUTOS = YES_AGGRESSIVE;
				GCC_WARN_UNUSED_FUNCTION = YES;
				GCC_WARN_UNUSED_VARIABLE = YES;
				IPHONEOS_DEPLOYMENT_TARGET = 16.4;
				MTL_ENABLE_DEBUG_INFO = NO;
				MTL_FAST_MATH = YES;
				SDKROOT = iphoneos;
				SWIFT_COMPILATION_MODE = wholemodule;
				SWIFT_OPTIMIZATION_LEVEL = "-O";
				VALIDATE_PRODUCT = YES;
			};
			name = Release;
		};
		612FC96F2A0971E800E5F64D /* Debug */ = {
			isa = XCBuildConfiguration;
			buildSettings = {
				ASSETCATALOG_COMPILER_APPICON_NAME = AppIcon;
				ASSETCATALOG_COMPILER_GLOBAL_ACCENT_COLOR_NAME = AccentColor;
				CODE_SIGN_STYLE = Automatic;
				CURRENT_PROJECT_VERSION = 1;
				DEVELOPMENT_TEAM = K87XPR878Y;
				GENERATE_INFOPLIST_FILE = YES;
				INFOPLIST_FILE = BizDemo/Info.plist;
				INFOPLIST_KEY_UIApplicationSupportsIndirectInputEvents = YES;
				INFOPLIST_KEY_UILaunchStoryboardName = LaunchScreen;
				INFOPLIST_KEY_UIMainStoryboardFile = Main;
				INFOPLIST_KEY_UISupportedInterfaceOrientations_iPad = "UIInterfaceOrientationPortrait UIInterfaceOrientationPortraitUpsideDown UIInterfaceOrientationLandscapeLeft UIInterfaceOrientationLandscapeRight";
				INFOPLIST_KEY_UISupportedInterfaceOrientations_iPhone = "UIInterfaceOrientationPortrait UIInterfaceOrientationLandscapeLeft UIInterfaceOrientationLandscapeRight";
				LD_RUNPATH_SEARCH_PATHS = (
					"$(inherited)",
					"@executable_path/Frameworks",
				);
				MARKETING_VERSION = 1.0;
				PRODUCT_BUNDLE_IDENTIFIER = com.app.ios.BizDemo;
				PRODUCT_NAME = "$(TARGET_NAME)";
				SWIFT_EMIT_LOC_STRINGS = YES;
				SWIFT_VERSION = 5.0;
				TARGETED_DEVICE_FAMILY = "1,2";
			};
			name = Debug;
		};
		612FC9702A0971E800E5F64D /* Release */ = {
			isa = XCBuildConfiguration;
			buildSettings = {
				ASSETCATALOG_COMPILER_APPICON_NAME = AppIcon;
				ASSETCATALOG_COMPILER_GLOBAL_ACCENT_COLOR_NAME = AccentColor;
				CODE_SIGN_STYLE = Automatic;
				CURRENT_PROJECT_VERSION = 1;
				DEVELOPMENT_TEAM = K87XPR878Y;
				GENERATE_INFOPLIST_FILE = YES;
				INFOPLIST_FILE = BizDemo/Info.plist;
				INFOPLIST_KEY_UIApplicationSupportsIndirectInputEvents = YES;
				INFOPLIST_KEY_UILaunchStoryboardName = LaunchScreen;
				INFOPLIST_KEY_UIMainStoryboardFile = Main;
				INFOPLIST_KEY_UISupportedInterfaceOrientations_iPad = "UIInterfaceOrientationPortrait UIInterfaceOrientationPortraitUpsideDown UIInterfaceOrientationLandscapeLeft UIInterfaceOrientationLandscapeRight";
				INFOPLIST_KEY_UISupportedInterfaceOrientations_iPhone = "UIInterfaceOrientationPortrait UIInterfaceOrientationLandscapeLeft UIInterfaceOrientationLandscapeRight";
				LD_RUNPATH_SEARCH_PATHS = (
					"$(inherited)",
					"@executable_path/Frameworks",
				);
				MARKETING_VERSION = 1.0;
				PRODUCT_BUNDLE_IDENTIFIER = com.app.ios.BizDemo;
				PRODUCT_NAME = "$(TARGET_NAME)";
				SWIFT_EMIT_LOC_STRINGS = YES;
				SWIFT_VERSION = 5.0;
				TARGETED_DEVICE_FAMILY = "1,2";
			};
			name = Release;
		};
		612FC9722A0971E800E5F64D /* Debug */ = {
			isa = XCBuildConfiguration;
			buildSettings = {
				ALWAYS_EMBED_SWIFT_STANDARD_LIBRARIES = YES;
				BUNDLE_LOADER = "$(TEST_HOST)";
				CODE_SIGN_STYLE = Automatic;
				CURRENT_PROJECT_VERSION = 1;
				DEVELOPMENT_TEAM = K87XPR878Y;
				GENERATE_INFOPLIST_FILE = YES;
				IPHONEOS_DEPLOYMENT_TARGET = 16.4;
				MARKETING_VERSION = 1.0;
				PRODUCT_BUNDLE_IDENTIFIER = com.app.ios.BizDemoTests;
				PRODUCT_NAME = "$(TARGET_NAME)";
				SWIFT_EMIT_LOC_STRINGS = NO;
				SWIFT_VERSION = 5.0;
				TARGETED_DEVICE_FAMILY = "1,2";
				TEST_HOST = "$(BUILT_PRODUCTS_DIR)/BizDemo.app/$(BUNDLE_EXECUTABLE_FOLDER_PATH)/BizDemo";
			};
			name = Debug;
		};
		612FC9732A0971E800E5F64D /* Release */ = {
			isa = XCBuildConfiguration;
			buildSettings = {
				ALWAYS_EMBED_SWIFT_STANDARD_LIBRARIES = YES;
				BUNDLE_LOADER = "$(TEST_HOST)";
				CODE_SIGN_STYLE = Automatic;
				CURRENT_PROJECT_VERSION = 1;
				DEVELOPMENT_TEAM = K87XPR878Y;
				GENERATE_INFOPLIST_FILE = YES;
				IPHONEOS_DEPLOYMENT_TARGET = 16.4;
				MARKETING_VERSION = 1.0;
				PRODUCT_BUNDLE_IDENTIFIER = com.app.ios.BizDemoTests;
				PRODUCT_NAME = "$(TARGET_NAME)";
				SWIFT_EMIT_LOC_STRINGS = NO;
				SWIFT_VERSION = 5.0;
				TARGETED_DEVICE_FAMILY = "1,2";
				TEST_HOST = "$(BUILT_PRODUCTS_DIR)/BizDemo.app/$(BUNDLE_EXECUTABLE_FOLDER_PATH)/BizDemo";
			};
			name = Release;
		};
		612FC9752A0971E800E5F64D /* Debug */ = {
			isa = XCBuildConfiguration;
			buildSettings = {
				ALWAYS_EMBED_SWIFT_STANDARD_LIBRARIES = YES;
				CODE_SIGN_STYLE = Automatic;
				CURRENT_PROJECT_VERSION = 1;
				DEVELOPMENT_TEAM = K87XPR878Y;
				GENERATE_INFOPLIST_FILE = YES;
				MARKETING_VERSION = 1.0;
				PRODUCT_BUNDLE_IDENTIFIER = com.app.ios.BizDemoUITests;
				PRODUCT_NAME = "$(TARGET_NAME)";
				SWIFT_EMIT_LOC_STRINGS = NO;
				SWIFT_VERSION = 5.0;
				TARGETED_DEVICE_FAMILY = "1,2";
				TEST_TARGET_NAME = BizDemo;
			};
			name = Debug;
		};
		612FC9762A0971E800E5F64D /* Release */ = {
			isa = XCBuildConfiguration;
			buildSettings = {
				ALWAYS_EMBED_SWIFT_STANDARD_LIBRARIES = YES;
				CODE_SIGN_STYLE = Automatic;
				CURRENT_PROJECT_VERSION = 1;
				DEVELOPMENT_TEAM = K87XPR878Y;
				GENERATE_INFOPLIST_FILE = YES;
				MARKETING_VERSION = 1.0;
				PRODUCT_BUNDLE_IDENTIFIER = com.app.ios.BizDemoUITests;
				PRODUCT_NAME = "$(TARGET_NAME)";
				SWIFT_EMIT_LOC_STRINGS = NO;
				SWIFT_VERSION = 5.0;
				TARGETED_DEVICE_FAMILY = "1,2";
				TEST_TARGET_NAME = BizDemo;
			};
			name = Release;
		};
/* End XCBuildConfiguration section */

/* Begin XCConfigurationList section */
		612FC93C2A0971E500E5F64D /* Build configuration list for PBXProject "BizDemo" */ = {
			isa = XCConfigurationList;
			buildConfigurations = (
				612FC96C2A0971E800E5F64D /* Debug */,
				612FC96D2A0971E800E5F64D /* Release */,
			);
			defaultConfigurationIsVisible = 0;
			defaultConfigurationName = Release;
		};
		612FC96E2A0971E800E5F64D /* Build configuration list for PBXNativeTarget "BizDemo" */ = {
			isa = XCConfigurationList;
			buildConfigurations = (
				612FC96F2A0971E800E5F64D /* Debug */,
				612FC9702A0971E800E5F64D /* Release */,
			);
			defaultConfigurationIsVisible = 0;
			defaultConfigurationName = Release;
		};
		612FC9712A0971E800E5F64D /* Build configuration list for PBXNativeTarget "BizDemoTests" */ = {
			isa = XCConfigurationList;
			buildConfigurations = (
				612FC9722A0971E800E5F64D /* Debug */,
				612FC9732A0971E800E5F64D /* Release */,
			);
			defaultConfigurationIsVisible = 0;
			defaultConfigurationName = Release;
		};
		612FC9742A0971E800E5F64D /* Build configuration list for PBXNativeTarget "BizDemoUITests" */ = {
			isa = XCConfigurationList;
			buildConfigurations = (
				612FC9752A0971E800E5F64D /* Debug */,
				612FC9762A0971E800E5F64D /* Release */,
			);
			defaultConfigurationIsVisible = 0;
			defaultConfigurationName = Release;
		};
/* End XCConfigurationList section */

/* Begin XCRemoteSwiftPackageReference section */
		61D83A332A0A8C6F00107A53 /* XCRemoteSwiftPackageReference "firebase-ios-sdk" */ = {
			isa = XCRemoteSwiftPackageReference;
			repositoryURL = "https://github.com/firebase/firebase-ios-sdk";
			requirement = {
				kind = upToNextMajorVersion;
				minimumVersion = 10.0.0;
			};
		};
/* End XCRemoteSwiftPackageReference section */

/* Begin XCSwiftPackageProductDependency section */
		61D83A342A0A8C6F00107A53 /* FirebaseDatabase */ = {
			isa = XCSwiftPackageProductDependency;
			package = 61D83A332A0A8C6F00107A53 /* XCRemoteSwiftPackageReference "firebase-ios-sdk" */;
			productName = FirebaseDatabase;
		};
		61D83A362A0A8C6F00107A53 /* FirebaseDatabaseSwift */ = {
			isa = XCSwiftPackageProductDependency;
			package = 61D83A332A0A8C6F00107A53 /* XCRemoteSwiftPackageReference "firebase-ios-sdk" */;
			productName = FirebaseDatabaseSwift;
		};
		61D83A382A0A8C6F00107A53 /* FirebaseFirestore */ = {
			isa = XCSwiftPackageProductDependency;
			package = 61D83A332A0A8C6F00107A53 /* XCRemoteSwiftPackageReference "firebase-ios-sdk" */;
			productName = FirebaseFirestore;
		};
		61D83A3A2A0A8C6F00107A53 /* FirebaseStorage */ = {
			isa = XCSwiftPackageProductDependency;
			package = 61D83A332A0A8C6F00107A53 /* XCRemoteSwiftPackageReference "firebase-ios-sdk" */;
			productName = FirebaseStorage;
		};
		61D83A3C2A0A8C6F00107A53 /* FirebaseStorageCombine-Community */ = {
			isa = XCSwiftPackageProductDependency;
			package = 61D83A332A0A8C6F00107A53 /* XCRemoteSwiftPackageReference "firebase-ios-sdk" */;
			productName = "FirebaseStorageCombine-Community";
		};
/* End XCSwiftPackageProductDependency section */

/* Begin XCVersionGroup section */
		612FC94D2A0971E600E5F64D /* BizDemo.xcdatamodeld */ = {
			isa = XCVersionGroup;
			children = (
				612FC94E2A0971E600E5F64D /* BizDemo.xcdatamodel */,
			);
			currentVersion = 612FC94E2A0971E600E5F64D /* BizDemo.xcdatamodel */;
			path = BizDemo.xcdatamodeld;
			sourceTree = "<group>";
			versionGroupType = wrapper.xcdatamodel;
		};
/* End XCVersionGroup section */
	};
	rootObject = 612FC9392A0971E500E5F64D /* Project object */;
}
